// !$*UTF8*$!
{
	archiveVersion = 1;
	classes = {
	};
	objectVersion = 56;
	objects = {

/* Begin PBXBuildFile section */
		225A7E18294F625400A1ECB8 /* HomeCategoriesTableViewCell.swift in Sources */ = {isa = PBXBuildFile; fileRef = 225A7E16294F625400A1ECB8 /* HomeCategoriesTableViewCell.swift */; };
		225A7E19294F625400A1ECB8 /* HomeCategoriesTableViewCell.xib in Resources */ = {isa = PBXBuildFile; fileRef = 225A7E17294F625400A1ECB8 /* HomeCategoriesTableViewCell.xib */; };
		2267105A295094B500B5F152 /* Search.storyboard in Resources */ = {isa = PBXBuildFile; fileRef = 22671059295094B500B5F152 /* Search.storyboard */; };
		2274533D294F864400B4D6F1 /* HomeManager.swift in Sources */ = {isa = PBXBuildFile; fileRef = 2274533C294F864400B4D6F1 /* HomeManager.swift */; };
		2274534129500BF800B4D6F1 /* DiscoverMoreCollectionViewCell.swift in Sources */ = {isa = PBXBuildFile; fileRef = 2274533F29500BF800B4D6F1 /* DiscoverMoreCollectionViewCell.swift */; };
		2274534229500BF800B4D6F1 /* DiscoverMoreCollectionViewCell.xib in Resources */ = {isa = PBXBuildFile; fileRef = 2274534029500BF800B4D6F1 /* DiscoverMoreCollectionViewCell.xib */; };
		2274534529500C7C00B4D6F1 /* DiscoverMoreTableViewCell.swift in Sources */ = {isa = PBXBuildFile; fileRef = 2274534329500C7C00B4D6F1 /* DiscoverMoreTableViewCell.swift */; };
		2274534629500C7C00B4D6F1 /* DiscoverMoreTableViewCell.xib in Resources */ = {isa = PBXBuildFile; fileRef = 2274534429500C7C00B4D6F1 /* DiscoverMoreTableViewCell.xib */; };
		2274534829500EEB00B4D6F1 /* DiscoverMoreModel.swift in Sources */ = {isa = PBXBuildFile; fileRef = 2274534729500EEB00B4D6F1 /* DiscoverMoreModel.swift */; };
		2274534A2950143300B4D6F1 /* HomeVM.swift in Sources */ = {isa = PBXBuildFile; fileRef = 227453492950143300B4D6F1 /* HomeVM.swift */; };
		2274534C2950208300B4D6F1 /* HomeService.swift in Sources */ = {isa = PBXBuildFile; fileRef = 2274534B2950208300B4D6F1 /* HomeService.swift */; };
		228750D429506EE000669897 /* HotelCustomVC.swift in Sources */ = {isa = PBXBuildFile; fileRef = 228750D329506EE000669897 /* HotelCustomVC.swift */; };
		228750D729506FAE00669897 /* HeaderTitle.swift in Sources */ = {isa = PBXBuildFile; fileRef = 228750D629506FAE00669897 /* HeaderTitle.swift */; };
		22AD34CD295186290065CE01 /* HotelCustomVM.swift in Sources */ = {isa = PBXBuildFile; fileRef = 22AD34CC295186290065CE01 /* HotelCustomVM.swift */; };
		22AD34D0295188DB0065CE01 /* NumberOfMemberViewController.swift in Sources */ = {isa = PBXBuildFile; fileRef = 22AD34CE295188DB0065CE01 /* NumberOfMemberViewController.swift */; };
		22AD34D3295189070065CE01 /* NumberOfMemberVM.swift in Sources */ = {isa = PBXBuildFile; fileRef = 22AD34D2295189070065CE01 /* NumberOfMemberVM.swift */; };
		22AD34D5295194A30065CE01 /* SearchManager.swift in Sources */ = {isa = PBXBuildFile; fileRef = 22AD34D4295194A30065CE01 /* SearchManager.swift */; };
		22AD34D72952BA300065CE01 /* HotelSearchVC.swift in Sources */ = {isa = PBXBuildFile; fileRef = 22AD34D62952BA300065CE01 /* HotelSearchVC.swift */; };
		22AD34D92952C1490065CE01 /* HotelSearchVM.swift in Sources */ = {isa = PBXBuildFile; fileRef = 22AD34D82952C1490065CE01 /* HotelSearchVM.swift */; };
		22AD34DC2952C18A0065CE01 /* HotelItemTBVCell.swift in Sources */ = {isa = PBXBuildFile; fileRef = 22AD34DA2952C18A0065CE01 /* HotelItemTBVCell.swift */; };
		22AD34DD2952C18A0065CE01 /* HotelItemTBVCell.xib in Resources */ = {isa = PBXBuildFile; fileRef = 22AD34DB2952C18A0065CE01 /* HotelItemTBVCell.xib */; };
		22AD9382294F0CBA0071DF34 /* AppDelegate.swift in Sources */ = {isa = PBXBuildFile; fileRef = 22AD9381294F0CBA0071DF34 /* AppDelegate.swift */; };
		22AD9386294F0CBA0071DF34 /* HomeVC.swift in Sources */ = {isa = PBXBuildFile; fileRef = 22AD9385294F0CBA0071DF34 /* HomeVC.swift */; };
		22AD9389294F0CBA0071DF34 /* Main.storyboard in Resources */ = {isa = PBXBuildFile; fileRef = 22AD9387294F0CBA0071DF34 /* Main.storyboard */; };
		22AD938B294F0CC10071DF34 /* Assets.xcassets in Resources */ = {isa = PBXBuildFile; fileRef = 22AD938A294F0CC10071DF34 /* Assets.xcassets */; };
		22AD9399294F0CC20071DF34 /* HotelBookingTests.swift in Sources */ = {isa = PBXBuildFile; fileRef = 22AD9398294F0CC20071DF34 /* HotelBookingTests.swift */; };
		22AD93A3294F0CC30071DF34 /* HotelBookingUITests.swift in Sources */ = {isa = PBXBuildFile; fileRef = 22AD93A2294F0CC30071DF34 /* HotelBookingUITests.swift */; };
		22AD93A5294F0CC30071DF34 /* HotelBookingUITestsLaunchTests.swift in Sources */ = {isa = PBXBuildFile; fileRef = 22AD93A4294F0CC30071DF34 /* HotelBookingUITestsLaunchTests.swift */; };
		22C958BD295051900076EED3 /* NavBottomBar.swift in Sources */ = {isa = PBXBuildFile; fileRef = 22C958BC295051900076EED3 /* NavBottomBar.swift */; };
/* End PBXBuildFile section */

/* Begin PBXContainerItemProxy section */
		22AD9395294F0CC20071DF34 /* PBXContainerItemProxy */ = {
			isa = PBXContainerItemProxy;
			containerPortal = 22AD9376294F0CBA0071DF34 /* Project object */;
			proxyType = 1;
			remoteGlobalIDString = 22AD937D294F0CBA0071DF34;
			remoteInfo = HotelBooking;
		};
		22AD939F294F0CC30071DF34 /* PBXContainerItemProxy */ = {
			isa = PBXContainerItemProxy;
			containerPortal = 22AD9376294F0CBA0071DF34 /* Project object */;
			proxyType = 1;
			remoteGlobalIDString = 22AD937D294F0CBA0071DF34;
			remoteInfo = HotelBooking;
		};
/* End PBXContainerItemProxy section */

/* Begin PBXFileReference section */
		225A7E16294F625400A1ECB8 /* HomeCategoriesTableViewCell.swift */ = {isa = PBXFileReference; lastKnownFileType = sourcecode.swift; path = HomeCategoriesTableViewCell.swift; sourceTree = "<group>"; };
		225A7E17294F625400A1ECB8 /* HomeCategoriesTableViewCell.xib */ = {isa = PBXFileReference; lastKnownFileType = file.xib; path = HomeCategoriesTableViewCell.xib; sourceTree = "<group>"; };
		22671059295094B500B5F152 /* Search.storyboard */ = {isa = PBXFileReference; lastKnownFileType = file.storyboard; path = Search.storyboard; sourceTree = "<group>"; };
		2274533C294F864400B4D6F1 /* HomeManager.swift */ = {isa = PBXFileReference; lastKnownFileType = sourcecode.swift; path = HomeManager.swift; sourceTree = "<group>"; };
		2274533F29500BF800B4D6F1 /* DiscoverMoreCollectionViewCell.swift */ = {isa = PBXFileReference; lastKnownFileType = sourcecode.swift; path = DiscoverMoreCollectionViewCell.swift; sourceTree = "<group>"; };
		2274534029500BF800B4D6F1 /* DiscoverMoreCollectionViewCell.xib */ = {isa = PBXFileReference; lastKnownFileType = file.xib; path = DiscoverMoreCollectionViewCell.xib; sourceTree = "<group>"; };
		2274534329500C7C00B4D6F1 /* DiscoverMoreTableViewCell.swift */ = {isa = PBXFileReference; lastKnownFileType = sourcecode.swift; path = DiscoverMoreTableViewCell.swift; sourceTree = "<group>"; };
		2274534429500C7C00B4D6F1 /* DiscoverMoreTableViewCell.xib */ = {isa = PBXFileReference; lastKnownFileType = file.xib; path = DiscoverMoreTableViewCell.xib; sourceTree = "<group>"; };
		2274534729500EEB00B4D6F1 /* DiscoverMoreModel.swift */ = {isa = PBXFileReference; lastKnownFileType = sourcecode.swift; path = DiscoverMoreModel.swift; sourceTree = "<group>"; };
		227453492950143300B4D6F1 /* HomeVM.swift */ = {isa = PBXFileReference; lastKnownFileType = sourcecode.swift; path = HomeVM.swift; sourceTree = "<group>"; };
		2274534B2950208300B4D6F1 /* HomeService.swift */ = {isa = PBXFileReference; lastKnownFileType = sourcecode.swift; path = HomeService.swift; sourceTree = "<group>"; };
		228750D329506EE000669897 /* HotelCustomVC.swift */ = {isa = PBXFileReference; lastKnownFileType = sourcecode.swift; path = HotelCustomVC.swift; sourceTree = "<group>"; };
		228750D629506FAE00669897 /* HeaderTitle.swift */ = {isa = PBXFileReference; lastKnownFileType = sourcecode.swift; path = HeaderTitle.swift; sourceTree = "<group>"; };
		22AD34CC295186290065CE01 /* HotelCustomVM.swift */ = {isa = PBXFileReference; lastKnownFileType = sourcecode.swift; path = HotelCustomVM.swift; sourceTree = "<group>"; };
		22AD34CE295188DB0065CE01 /* NumberOfMemberViewController.swift */ = {isa = PBXFileReference; lastKnownFileType = sourcecode.swift; path = NumberOfMemberViewController.swift; sourceTree = "<group>"; };
		22AD34D2295189070065CE01 /* NumberOfMemberVM.swift */ = {isa = PBXFileReference; lastKnownFileType = sourcecode.swift; path = NumberOfMemberVM.swift; sourceTree = "<group>"; };
		22AD34D4295194A30065CE01 /* SearchManager.swift */ = {isa = PBXFileReference; lastKnownFileType = sourcecode.swift; path = SearchManager.swift; sourceTree = "<group>"; };
		22AD34D62952BA300065CE01 /* HotelSearchVC.swift */ = {isa = PBXFileReference; lastKnownFileType = sourcecode.swift; path = HotelSearchVC.swift; sourceTree = "<group>"; };
		22AD34D82952C1490065CE01 /* HotelSearchVM.swift */ = {isa = PBXFileReference; lastKnownFileType = sourcecode.swift; path = HotelSearchVM.swift; sourceTree = "<group>"; };
		22AD34DA2952C18A0065CE01 /* HotelItemTBVCell.swift */ = {isa = PBXFileReference; lastKnownFileType = sourcecode.swift; path = HotelItemTBVCell.swift; sourceTree = "<group>"; };
		22AD34DB2952C18A0065CE01 /* HotelItemTBVCell.xib */ = {isa = PBXFileReference; lastKnownFileType = file.xib; path = HotelItemTBVCell.xib; sourceTree = "<group>"; };
		22AD937E294F0CBA0071DF34 /* HotelBooking.app */ = {isa = PBXFileReference; explicitFileType = wrapper.application; includeInIndex = 0; path = HotelBooking.app; sourceTree = BUILT_PRODUCTS_DIR; };
		22AD9381294F0CBA0071DF34 /* AppDelegate.swift */ = {isa = PBXFileReference; lastKnownFileType = sourcecode.swift; path = AppDelegate.swift; sourceTree = "<group>"; };
		22AD9385294F0CBA0071DF34 /* HomeVC.swift */ = {isa = PBXFileReference; lastKnownFileType = sourcecode.swift; path = HomeVC.swift; sourceTree = "<group>"; };
		22AD9388294F0CBA0071DF34 /* Base */ = {isa = PBXFileReference; lastKnownFileType = file.storyboard; name = Base; path = Base.lproj/Main.storyboard; sourceTree = "<group>"; };
		22AD938A294F0CC10071DF34 /* Assets.xcassets */ = {isa = PBXFileReference; lastKnownFileType = folder.assetcatalog; path = Assets.xcassets; sourceTree = "<group>"; };
		22AD938F294F0CC10071DF34 /* Info.plist */ = {isa = PBXFileReference; lastKnownFileType = text.plist.xml; path = Info.plist; sourceTree = "<group>"; };
		22AD9394294F0CC20071DF34 /* HotelBookingTests.xctest */ = {isa = PBXFileReference; explicitFileType = wrapper.cfbundle; includeInIndex = 0; path = HotelBookingTests.xctest; sourceTree = BUILT_PRODUCTS_DIR; };
		22AD9398294F0CC20071DF34 /* HotelBookingTests.swift */ = {isa = PBXFileReference; lastKnownFileType = sourcecode.swift; path = HotelBookingTests.swift; sourceTree = "<group>"; };
		22AD939E294F0CC30071DF34 /* HotelBookingUITests.xctest */ = {isa = PBXFileReference; explicitFileType = wrapper.cfbundle; includeInIndex = 0; path = HotelBookingUITests.xctest; sourceTree = BUILT_PRODUCTS_DIR; };
		22AD93A2294F0CC30071DF34 /* HotelBookingUITests.swift */ = {isa = PBXFileReference; lastKnownFileType = sourcecode.swift; path = HotelBookingUITests.swift; sourceTree = "<group>"; };
		22AD93A4294F0CC30071DF34 /* HotelBookingUITestsLaunchTests.swift */ = {isa = PBXFileReference; lastKnownFileType = sourcecode.swift; path = HotelBookingUITestsLaunchTests.swift; sourceTree = "<group>"; };
		22C958BC295051900076EED3 /* NavBottomBar.swift */ = {isa = PBXFileReference; lastKnownFileType = sourcecode.swift; path = NavBottomBar.swift; sourceTree = "<group>"; };
/* End PBXFileReference section */

/* Begin PBXFrameworksBuildPhase section */
		22AD937B294F0CBA0071DF34 /* Frameworks */ = {
			isa = PBXFrameworksBuildPhase;
			buildActionMask = 2147483647;
			files = (
			);
			runOnlyForDeploymentPostprocessing = 0;
		};
		22AD9391294F0CC20071DF34 /* Frameworks */ = {
			isa = PBXFrameworksBuildPhase;
			buildActionMask = 2147483647;
			files = (
			);
			runOnlyForDeploymentPostprocessing = 0;
		};
		22AD939B294F0CC30071DF34 /* Frameworks */ = {
			isa = PBXFrameworksBuildPhase;
			buildActionMask = 2147483647;
			files = (
			);
			runOnlyForDeploymentPostprocessing = 0;
		};
/* End PBXFrameworksBuildPhase section */

/* Begin PBXGroup section */
		2274533E29500B8500B4D6F1 /* Search */ = {
			isa = PBXGroup;
			children = (
				228750D029506DBF00669897 /* Controllers */,
				228750CF29506DB700669897 /* Models */,
				228750CE29506DB000669897 /* ViewModels */,
				228750CD29506DAA00669897 /* Views */,
				228750CC29506D9E00669897 /* Manager */,
			);
			path = Search;
			sourceTree = "<group>";
		};
		228750CC29506D9E00669897 /* Manager */ = {
			isa = PBXGroup;
			children = (
				22671059295094B500B5F152 /* Search.storyboard */,
				22AD34D4295194A30065CE01 /* SearchManager.swift */,
			);
			path = Manager;
			sourceTree = "<group>";
		};
		228750CD29506DAA00669897 /* Views */ = {
			isa = PBXGroup;
			children = (
				22AD34DA2952C18A0065CE01 /* HotelItemTBVCell.swift */,
				22AD34DB2952C18A0065CE01 /* HotelItemTBVCell.xib */,
			);
			path = Views;
			sourceTree = "<group>";
		};
		228750CE29506DB000669897 /* ViewModels */ = {
			isa = PBXGroup;
			children = (
				22AD34CC295186290065CE01 /* HotelCustomVM.swift */,
				22AD34D2295189070065CE01 /* NumberOfMemberVM.swift */,
				22AD34D82952C1490065CE01 /* HotelSearchVM.swift */,
			);
			path = ViewModels;
			sourceTree = "<group>";
		};
		228750CF29506DB700669897 /* Models */ = {
			isa = PBXGroup;
			children = (
			);
			path = Models;
			sourceTree = "<group>";
		};
		228750D029506DBF00669897 /* Controllers */ = {
			isa = PBXGroup;
			children = (
				228750D329506EE000669897 /* HotelCustomVC.swift */,
				22AD34CE295188DB0065CE01 /* NumberOfMemberViewController.swift */,
				22AD34D62952BA300065CE01 /* HotelSearchVC.swift */,
			);
			path = Controllers;
			sourceTree = "<group>";
		};
		228750D529506F7700669897 /* HeaderTitle */ = {
			isa = PBXGroup;
			children = (
				228750D629506FAE00669897 /* HeaderTitle.swift */,
			);
			path = HeaderTitle;
			sourceTree = "<group>";
		};
		22AD9375294F0CBA0071DF34 = {
			isa = PBXGroup;
			children = (
				22AD9380294F0CBA0071DF34 /* HotelBooking */,
				22AD9397294F0CC20071DF34 /* HotelBookingTests */,
				22AD93A1294F0CC30071DF34 /* HotelBookingUITests */,
				22AD937F294F0CBA0071DF34 /* Products */,
			);
			sourceTree = "<group>";
		};
		22AD937F294F0CBA0071DF34 /* Products */ = {
			isa = PBXGroup;
			children = (
				22AD937E294F0CBA0071DF34 /* HotelBooking.app */,
				22AD9394294F0CC20071DF34 /* HotelBookingTests.xctest */,
				22AD939E294F0CC30071DF34 /* HotelBookingUITests.xctest */,
			);
			name = Products;
			sourceTree = "<group>";
		};
		22AD9380294F0CBA0071DF34 /* HotelBooking */ = {
			isa = PBXGroup;
			children = (
				22AD938F294F0CC10071DF34 /* Info.plist */,
				22AD93B3294F0E3E0071DF34 /* Module */,
				22AD93B2294F0E380071DF34 /* Config */,
				22AD93B1294F0E2D0071DF34 /* Resource */,
			);
			path = HotelBooking;
			sourceTree = "<group>";
		};
		22AD9397294F0CC20071DF34 /* HotelBookingTests */ = {
			isa = PBXGroup;
			children = (
				22AD9398294F0CC20071DF34 /* HotelBookingTests.swift */,
			);
			path = HotelBookingTests;
			sourceTree = "<group>";
		};
		22AD93A1294F0CC30071DF34 /* HotelBookingUITests */ = {
			isa = PBXGroup;
			children = (
				22AD93A2294F0CC30071DF34 /* HotelBookingUITests.swift */,
				22AD93A4294F0CC30071DF34 /* HotelBookingUITestsLaunchTests.swift */,
			);
			path = HotelBookingUITests;
			sourceTree = "<group>";
		};
		22AD93B1294F0E2D0071DF34 /* Resource */ = {
			isa = PBXGroup;
			children = (
				22AD938A294F0CC10071DF34 /* Assets.xcassets */,
			);
			path = Resource;
			sourceTree = "<group>";
		};
		22AD93B2294F0E380071DF34 /* Config */ = {
			isa = PBXGroup;
			children = (
				22AD9381294F0CBA0071DF34 /* AppDelegate.swift */,
			);
			path = Config;
			sourceTree = "<group>";
		};
		22AD93B3294F0E3E0071DF34 /* Module */ = {
			isa = PBXGroup;
			children = (
				22C958BA29504C6C0076EED3 /* Base */,
				2274533E29500B8500B4D6F1 /* Search */,
				22AD93B4294F11670071DF34 /* HomeScreen */,
			);
			path = Module;
			sourceTree = "<group>";
		};
		22AD93B4294F11670071DF34 /* HomeScreen */ = {
			isa = PBXGroup;
			children = (
				22AD93B9294F11F10071DF34 /* Manager */,
				22AD93B8294F11E80071DF34 /* ViewControllers */,
				22AD93B7294F11E10071DF34 /* ViewModels */,
				22AD93B6294F11D90071DF34 /* Views */,
				22AD93B5294F11D20071DF34 /* Models */,
			);
			path = HomeScreen;
			sourceTree = "<group>";
		};
		22AD93B5294F11D20071DF34 /* Models */ = {
			isa = PBXGroup;
			children = (
				2274534729500EEB00B4D6F1 /* DiscoverMoreModel.swift */,
			);
			path = Models;
			sourceTree = "<group>";
		};
		22AD93B6294F11D90071DF34 /* Views */ = {
			isa = PBXGroup;
			children = (
				225A7E16294F625400A1ECB8 /* HomeCategoriesTableViewCell.swift */,
				225A7E17294F625400A1ECB8 /* HomeCategoriesTableViewCell.xib */,
				2274533F29500BF800B4D6F1 /* DiscoverMoreCollectionViewCell.swift */,
				2274534029500BF800B4D6F1 /* DiscoverMoreCollectionViewCell.xib */,
				2274534329500C7C00B4D6F1 /* DiscoverMoreTableViewCell.swift */,
				2274534429500C7C00B4D6F1 /* DiscoverMoreTableViewCell.xib */,
			);
			path = Views;
			sourceTree = "<group>";
		};
		22AD93B7294F11E10071DF34 /* ViewModels */ = {
			isa = PBXGroup;
			children = (
				227453492950143300B4D6F1 /* HomeVM.swift */,
			);
			path = ViewModels;
			sourceTree = "<group>";
		};
		22AD93B8294F11E80071DF34 /* ViewControllers */ = {
			isa = PBXGroup;
			children = (
				22AD9385294F0CBA0071DF34 /* HomeVC.swift */,
			);
			path = ViewControllers;
			sourceTree = "<group>";
		};
		22AD93B9294F11F10071DF34 /* Manager */ = {
			isa = PBXGroup;
			children = (
				22AD9387294F0CBA0071DF34 /* Main.storyboard */,
				2274533C294F864400B4D6F1 /* HomeManager.swift */,
				2274534B2950208300B4D6F1 /* HomeService.swift */,
			);
			path = Manager;
			sourceTree = "<group>";
		};
		22C958BA29504C6C0076EED3 /* Base */ = {
			isa = PBXGroup;
			children = (
				228750D529506F7700669897 /* HeaderTitle */,
				22C958BB29504C730076EED3 /* NavBottomBar */,
			);
			path = Base;
			sourceTree = "<group>";
		};
		22C958BB29504C730076EED3 /* NavBottomBar */ = {
			isa = PBXGroup;
			children = (
				22C958BC295051900076EED3 /* NavBottomBar.swift */,
			);
			path = NavBottomBar;
			sourceTree = "<group>";
		};
/* End PBXGroup section */

/* Begin PBXNativeTarget section */
		22AD937D294F0CBA0071DF34 /* HotelBooking */ = {
			isa = PBXNativeTarget;
			buildConfigurationList = 22AD93A8294F0CC30071DF34 /* Build configuration list for PBXNativeTarget "HotelBooking" */;
			buildPhases = (
				22AD937A294F0CBA0071DF34 /* Sources */,
				22AD937B294F0CBA0071DF34 /* Frameworks */,
				22AD937C294F0CBA0071DF34 /* Resources */,
			);
			buildRules = (
			);
			dependencies = (
			);
			name = HotelBooking;
			productName = HotelBooking;
			productReference = 22AD937E294F0CBA0071DF34 /* HotelBooking.app */;
			productType = "com.apple.product-type.application";
		};
		22AD9393294F0CC20071DF34 /* HotelBookingTests */ = {
			isa = PBXNativeTarget;
			buildConfigurationList = 22AD93AB294F0CC30071DF34 /* Build configuration list for PBXNativeTarget "HotelBookingTests" */;
			buildPhases = (
				22AD9390294F0CC20071DF34 /* Sources */,
				22AD9391294F0CC20071DF34 /* Frameworks */,
				22AD9392294F0CC20071DF34 /* Resources */,
			);
			buildRules = (
			);
			dependencies = (
				22AD9396294F0CC20071DF34 /* PBXTargetDependency */,
			);
			name = HotelBookingTests;
			productName = HotelBookingTests;
			productReference = 22AD9394294F0CC20071DF34 /* HotelBookingTests.xctest */;
			productType = "com.apple.product-type.bundle.unit-test";
		};
		22AD939D294F0CC30071DF34 /* HotelBookingUITests */ = {
			isa = PBXNativeTarget;
			buildConfigurationList = 22AD93AE294F0CC30071DF34 /* Build configuration list for PBXNativeTarget "HotelBookingUITests" */;
			buildPhases = (
				22AD939A294F0CC30071DF34 /* Sources */,
				22AD939B294F0CC30071DF34 /* Frameworks */,
				22AD939C294F0CC30071DF34 /* Resources */,
			);
			buildRules = (
			);
			dependencies = (
				22AD93A0294F0CC30071DF34 /* PBXTargetDependency */,
			);
			name = HotelBookingUITests;
			productName = HotelBookingUITests;
			productReference = 22AD939E294F0CC30071DF34 /* HotelBookingUITests.xctest */;
			productType = "com.apple.product-type.bundle.ui-testing";
		};
/* End PBXNativeTarget section */

/* Begin PBXProject section */
		22AD9376294F0CBA0071DF34 /* Project object */ = {
			isa = PBXProject;
			attributes = {
				BuildIndependentTargetsInParallel = 1;
				LastSwiftUpdateCheck = 1410;
				LastUpgradeCheck = 1410;
				TargetAttributes = {
					22AD937D294F0CBA0071DF34 = {
						CreatedOnToolsVersion = 14.1;
					};
					22AD9393294F0CC20071DF34 = {
						CreatedOnToolsVersion = 14.1;
						TestTargetID = 22AD937D294F0CBA0071DF34;
					};
					22AD939D294F0CC30071DF34 = {
						CreatedOnToolsVersion = 14.1;
						TestTargetID = 22AD937D294F0CBA0071DF34;
					};
				};
			};
			buildConfigurationList = 22AD9379294F0CBA0071DF34 /* Build configuration list for PBXProject "HotelBooking" */;
			compatibilityVersion = "Xcode 14.0";
			developmentRegion = en;
			hasScannedForEncodings = 0;
			knownRegions = (
				en,
				Base,
			);
			mainGroup = 22AD9375294F0CBA0071DF34;
			productRefGroup = 22AD937F294F0CBA0071DF34 /* Products */;
			projectDirPath = "";
			projectRoot = "";
			targets = (
				22AD937D294F0CBA0071DF34 /* HotelBooking */,
				22AD9393294F0CC20071DF34 /* HotelBookingTests */,
				22AD939D294F0CC30071DF34 /* HotelBookingUITests */,
			);
		};
/* End PBXProject section */

/* Begin PBXResourcesBuildPhase section */
		22AD937C294F0CBA0071DF34 /* Resources */ = {
			isa = PBXResourcesBuildPhase;
			buildActionMask = 2147483647;
			files = (
				2274534229500BF800B4D6F1 /* DiscoverMoreCollectionViewCell.xib in Resources */,
				2274534629500C7C00B4D6F1 /* DiscoverMoreTableViewCell.xib in Resources */,
				22AD34DD2952C18A0065CE01 /* HotelItemTBVCell.xib in Resources */,
				225A7E19294F625400A1ECB8 /* HomeCategoriesTableViewCell.xib in Resources */,
				22AD938B294F0CC10071DF34 /* Assets.xcassets in Resources */,
				2267105A295094B500B5F152 /* Search.storyboard in Resources */,
				22AD9389294F0CBA0071DF34 /* Main.storyboard in Resources */,
			);
			runOnlyForDeploymentPostprocessing = 0;
		};
		22AD9392294F0CC20071DF34 /* Resources */ = {
			isa = PBXResourcesBuildPhase;
			buildActionMask = 2147483647;
			files = (
			);
			runOnlyForDeploymentPostprocessing = 0;
		};
		22AD939C294F0CC30071DF34 /* Resources */ = {
			isa = PBXResourcesBuildPhase;
			buildActionMask = 2147483647;
			files = (
			);
			runOnlyForDeploymentPostprocessing = 0;
		};
/* End PBXResourcesBuildPhase section */

/* Begin PBXSourcesBuildPhase section */
		22AD937A294F0CBA0071DF34 /* Sources */ = {
			isa = PBXSourcesBuildPhase;
			buildActionMask = 2147483647;
			files = (
				22AD34D72952BA300065CE01 /* HotelSearchVC.swift in Sources */,
				228750D729506FAE00669897 /* HeaderTitle.swift in Sources */,
				2274534529500C7C00B4D6F1 /* DiscoverMoreTableViewCell.swift in Sources */,
				2274534829500EEB00B4D6F1 /* DiscoverMoreModel.swift in Sources */,
				22AD9386294F0CBA0071DF34 /* HomeVC.swift in Sources */,
				22AD34D3295189070065CE01 /* NumberOfMemberVM.swift in Sources */,
				22AD34DC2952C18A0065CE01 /* HotelItemTBVCell.swift in Sources */,
				22C958BD295051900076EED3 /* NavBottomBar.swift in Sources */,
				2274534A2950143300B4D6F1 /* HomeVM.swift in Sources */,
				2274534C2950208300B4D6F1 /* HomeService.swift in Sources */,
				2274533D294F864400B4D6F1 /* HomeManager.swift in Sources */,
				22AD9382294F0CBA0071DF34 /* AppDelegate.swift in Sources */,
				22AD34D92952C1490065CE01 /* HotelSearchVM.swift in Sources */,
				22AD34CD295186290065CE01 /* HotelCustomVM.swift in Sources */,
				22AD34D0295188DB0065CE01 /* NumberOfMemberViewController.swift in Sources */,
				225A7E18294F625400A1ECB8 /* HomeCategoriesTableViewCell.swift in Sources */,
				2274534129500BF800B4D6F1 /* DiscoverMoreCollectionViewCell.swift in Sources */,
				228750D429506EE000669897 /* HotelCustomVC.swift in Sources */,
				22AD34D5295194A30065CE01 /* SearchManager.swift in Sources */,
			);
			runOnlyForDeploymentPostprocessing = 0;
		};
		22AD9390294F0CC20071DF34 /* Sources */ = {
			isa = PBXSourcesBuildPhase;
			buildActionMask = 2147483647;
			files = (
				22AD9399294F0CC20071DF34 /* HotelBookingTests.swift in Sources */,
			);
			runOnlyForDeploymentPostprocessing = 0;
		};
		22AD939A294F0CC30071DF34 /* Sources */ = {
			isa = PBXSourcesBuildPhase;
			buildActionMask = 2147483647;
			files = (
				22AD93A3294F0CC30071DF34 /* HotelBookingUITests.swift in Sources */,
				22AD93A5294F0CC30071DF34 /* HotelBookingUITestsLaunchTests.swift in Sources */,
			);
			runOnlyForDeploymentPostprocessing = 0;
		};
/* End PBXSourcesBuildPhase section */

/* Begin PBXTargetDependency section */
		22AD9396294F0CC20071DF34 /* PBXTargetDependency */ = {
			isa = PBXTargetDependency;
			target = 22AD937D294F0CBA0071DF34 /* HotelBooking */;
			targetProxy = 22AD9395294F0CC20071DF34 /* PBXContainerItemProxy */;
		};
		22AD93A0294F0CC30071DF34 /* PBXTargetDependency */ = {
			isa = PBXTargetDependency;
			target = 22AD937D294F0CBA0071DF34 /* HotelBooking */;
			targetProxy = 22AD939F294F0CC30071DF34 /* PBXContainerItemProxy */;
		};
/* End PBXTargetDependency section */

/* Begin PBXVariantGroup section */
		22AD9387294F0CBA0071DF34 /* Main.storyboard */ = {
			isa = PBXVariantGroup;
			children = (
				22AD9388294F0CBA0071DF34 /* Base */,
			);
			name = Main.storyboard;
			sourceTree = "<group>";
		};
/* End PBXVariantGroup section */

/* Begin XCBuildConfiguration section */
		22AD93A6294F0CC30071DF34 /* Debug */ = {
			isa = XCBuildConfiguration;
			buildSettings = {
				ALWAYS_SEARCH_USER_PATHS = NO;
				CLANG_ANALYZER_NONNULL = YES;
				CLANG_ANALYZER_NUMBER_OBJECT_CONVERSION = YES_AGGRESSIVE;
				CLANG_CXX_LANGUAGE_STANDARD = "gnu++20";
				CLANG_ENABLE_MODULES = YES;
				CLANG_ENABLE_OBJC_ARC = YES;
				CLANG_ENABLE_OBJC_WEAK = YES;
				CLANG_WARN_BLOCK_CAPTURE_AUTORELEASING = YES;
				CLANG_WARN_BOOL_CONVERSION = YES;
				CLANG_WARN_COMMA = YES;
				CLANG_WARN_CONSTANT_CONVERSION = YES;
				CLANG_WARN_DEPRECATED_OBJC_IMPLEMENTATIONS = YES;
				CLANG_WARN_DIRECT_OBJC_ISA_USAGE = YES_ERROR;
				CLANG_WARN_DOCUMENTATION_COMMENTS = YES;
				CLANG_WARN_EMPTY_BODY = YES;
				CLANG_WARN_ENUM_CONVERSION = YES;
				CLANG_WARN_INFINITE_RECURSION = YES;
				CLANG_WARN_INT_CONVERSION = YES;
				CLANG_WARN_NON_LITERAL_NULL_CONVERSION = YES;
				CLANG_WARN_OBJC_IMPLICIT_RETAIN_SELF = YES;
				CLANG_WARN_OBJC_LITERAL_CONVERSION = YES;
				CLANG_WARN_OBJC_ROOT_CLASS = YES_ERROR;
				CLANG_WARN_QUOTED_INCLUDE_IN_FRAMEWORK_HEADER = YES;
				CLANG_WARN_RANGE_LOOP_ANALYSIS = YES;
				CLANG_WARN_STRICT_PROTOTYPES = YES;
				CLANG_WARN_SUSPICIOUS_MOVE = YES;
				CLANG_WARN_UNGUARDED_AVAILABILITY = YES_AGGRESSIVE;
				CLANG_WARN_UNREACHABLE_CODE = YES;
				CLANG_WARN__DUPLICATE_METHOD_MATCH = YES;
				COPY_PHASE_STRIP = NO;
				DEBUG_INFORMATION_FORMAT = dwarf;
				ENABLE_STRICT_OBJC_MSGSEND = YES;
				ENABLE_TESTABILITY = YES;
				GCC_C_LANGUAGE_STANDARD = gnu11;
				GCC_DYNAMIC_NO_PIC = NO;
				GCC_NO_COMMON_BLOCKS = YES;
				GCC_OPTIMIZATION_LEVEL = 0;
				GCC_PREPROCESSOR_DEFINITIONS = (
					"DEBUG=1",
					"$(inherited)",
				);
				GCC_WARN_64_TO_32_BIT_CONVERSION = YES;
				GCC_WARN_ABOUT_RETURN_TYPE = YES_ERROR;
				GCC_WARN_UNDECLARED_SELECTOR = YES;
				GCC_WARN_UNINITIALIZED_AUTOS = YES_AGGRESSIVE;
				GCC_WARN_UNUSED_FUNCTION = YES;
				GCC_WARN_UNUSED_VARIABLE = YES;
				IPHONEOS_DEPLOYMENT_TARGET = 16.1;
				MTL_ENABLE_DEBUG_INFO = INCLUDE_SOURCE;
				MTL_FAST_MATH = YES;
				ONLY_ACTIVE_ARCH = YES;
				SDKROOT = iphoneos;
				SWIFT_ACTIVE_COMPILATION_CONDITIONS = DEBUG;
				SWIFT_OPTIMIZATION_LEVEL = "-Onone";
			};
			name = Debug;
		};
		22AD93A7294F0CC30071DF34 /* Release */ = {
			isa = XCBuildConfiguration;
			buildSettings = {
				ALWAYS_SEARCH_USER_PATHS = NO;
				CLANG_ANALYZER_NONNULL = YES;
				CLANG_ANALYZER_NUMBER_OBJECT_CONVERSION = YES_AGGRESSIVE;
				CLANG_CXX_LANGUAGE_STANDARD = "gnu++20";
				CLANG_ENABLE_MODULES = YES;
				CLANG_ENABLE_OBJC_ARC = YES;
				CLANG_ENABLE_OBJC_WEAK = YES;
				CLANG_WARN_BLOCK_CAPTURE_AUTORELEASING = YES;
				CLANG_WARN_BOOL_CONVERSION = YES;
				CLANG_WARN_COMMA = YES;
				CLANG_WARN_CONSTANT_CONVERSION = YES;
				CLANG_WARN_DEPRECATED_OBJC_IMPLEMENTATIONS = YES;
				CLANG_WARN_DIRECT_OBJC_ISA_USAGE = YES_ERROR;
				CLANG_WARN_DOCUMENTATION_COMMENTS = YES;
				CLANG_WARN_EMPTY_BODY = YES;
				CLANG_WARN_ENUM_CONVERSION = YES;
				CLANG_WARN_INFINITE_RECURSION = YES;
				CLANG_WARN_INT_CONVERSION = YES;
				CLANG_WARN_NON_LITERAL_NULL_CONVERSION = YES;
				CLANG_WARN_OBJC_IMPLICIT_RETAIN_SELF = YES;
				CLANG_WARN_OBJC_LITERAL_CONVERSION = YES;
				CLANG_WARN_OBJC_ROOT_CLASS = YES_ERROR;
				CLANG_WARN_QUOTED_INCLUDE_IN_FRAMEWORK_HEADER = YES;
				CLANG_WARN_RANGE_LOOP_ANALYSIS = YES;
				CLANG_WARN_STRICT_PROTOTYPES = YES;
				CLANG_WARN_SUSPICIOUS_MOVE = YES;
				CLANG_WARN_UNGUARDED_AVAILABILITY = YES_AGGRESSIVE;
				CLANG_WARN_UNREACHABLE_CODE = YES;
				CLANG_WARN__DUPLICATE_METHOD_MATCH = YES;
				COPY_PHASE_STRIP = NO;
				DEBUG_INFORMATION_FORMAT = "dwarf-with-dsym";
				ENABLE_NS_ASSERTIONS = NO;
				ENABLE_STRICT_OBJC_MSGSEND = YES;
				GCC_C_LANGUAGE_STANDARD = gnu11;
				GCC_NO_COMMON_BLOCKS = YES;
				GCC_WARN_64_TO_32_BIT_CONVERSION = YES;
				GCC_WARN_ABOUT_RETURN_TYPE = YES_ERROR;
				GCC_WARN_UNDECLARED_SELECTOR = YES;
				GCC_WARN_UNINITIALIZED_AUTOS = YES_AGGRESSIVE;
				GCC_WARN_UNUSED_FUNCTION = YES;
				GCC_WARN_UNUSED_VARIABLE = YES;
				IPHONEOS_DEPLOYMENT_TARGET = 16.1;
				MTL_ENABLE_DEBUG_INFO = NO;
				MTL_FAST_MATH = YES;
				SDKROOT = iphoneos;
				SWIFT_COMPILATION_MODE = wholemodule;
				SWIFT_OPTIMIZATION_LEVEL = "-O";
				VALIDATE_PRODUCT = YES;
			};
			name = Release;
		};
		22AD93A9294F0CC30071DF34 /* Debug */ = {
			isa = XCBuildConfiguration;
			buildSettings = {
				ASSETCATALOG_COMPILER_APPICON_NAME = AppIcon;
				ASSETCATALOG_COMPILER_GLOBAL_ACCENT_COLOR_NAME = AccentColor;
				CODE_SIGN_STYLE = Automatic;
				CURRENT_PROJECT_VERSION = 1;
				DEVELOPMENT_TEAM = 6T46N62XKG;
				GENERATE_INFOPLIST_FILE = YES;
				INFOPLIST_FILE = HotelBooking/Info.plist;
				INFOPLIST_KEY_UIApplicationSupportsIndirectInputEvents = YES;
				INFOPLIST_KEY_UILaunchStoryboardName = "";
				INFOPLIST_KEY_UIMainStoryboardFile = Main;
				INFOPLIST_KEY_UISupportedInterfaceOrientations_iPad = "UIInterfaceOrientationPortrait UIInterfaceOrientationPortraitUpsideDown UIInterfaceOrientationLandscapeLeft UIInterfaceOrientationLandscapeRight";
				INFOPLIST_KEY_UISupportedInterfaceOrientations_iPhone = "UIInterfaceOrientationPortrait UIInterfaceOrientationLandscapeLeft UIInterfaceOrientationLandscapeRight";
				IPHONEOS_DEPLOYMENT_TARGET = 15.0;
				LD_RUNPATH_SEARCH_PATHS = (
					"$(inherited)",
					"@executable_path/Frameworks",
				);
				MARKETING_VERSION = 1.0;
				PRODUCT_BUNDLE_IDENTIFIER = thaovtp.HotelBooking;
				PRODUCT_NAME = "$(TARGET_NAME)";
				SWIFT_EMIT_LOC_STRINGS = YES;
				SWIFT_VERSION = 5.0;
				TARGETED_DEVICE_FAMILY = "1,2";
			};
			name = Debug;
		};
		22AD93AA294F0CC30071DF34 /* Release */ = {
			isa = XCBuildConfiguration;
			buildSettings = {
				ASSETCATALOG_COMPILER_APPICON_NAME = AppIcon;
				ASSETCATALOG_COMPILER_GLOBAL_ACCENT_COLOR_NAME = AccentColor;
				CODE_SIGN_STYLE = Automatic;
				CURRENT_PROJECT_VERSION = 1;
				DEVELOPMENT_TEAM = 6T46N62XKG;
				GENERATE_INFOPLIST_FILE = YES;
				INFOPLIST_FILE = HotelBooking/Info.plist;
				INFOPLIST_KEY_UIApplicationSupportsIndirectInputEvents = YES;
				INFOPLIST_KEY_UILaunchStoryboardName = "";
				INFOPLIST_KEY_UIMainStoryboardFile = Main;
				INFOPLIST_KEY_UISupportedInterfaceOrientations_iPad = "UIInterfaceOrientationPortrait UIInterfaceOrientationPortraitUpsideDown UIInterfaceOrientationLandscapeLeft UIInterfaceOrientationLandscapeRight";
				INFOPLIST_KEY_UISupportedInterfaceOrientations_iPhone = "UIInterfaceOrientationPortrait UIInterfaceOrientationLandscapeLeft UIInterfaceOrientationLandscapeRight";
				IPHONEOS_DEPLOYMENT_TARGET = 15.0;
				LD_RUNPATH_SEARCH_PATHS = (
					"$(inherited)",
					"@executable_path/Frameworks",
				);
				MARKETING_VERSION = 1.0;
				PRODUCT_BUNDLE_IDENTIFIER = thaovtp.HotelBooking;
				PRODUCT_NAME = "$(TARGET_NAME)";
				SWIFT_EMIT_LOC_STRINGS = YES;
				SWIFT_VERSION = 5.0;
				TARGETED_DEVICE_FAMILY = "1,2";
			};
			name = Release;
		};
		22AD93AC294F0CC30071DF34 /* Debug */ = {
			isa = XCBuildConfiguration;
			buildSettings = {
				ALWAYS_EMBED_SWIFT_STANDARD_LIBRARIES = YES;
				BUNDLE_LOADER = "$(TEST_HOST)";
				CODE_SIGN_STYLE = Automatic;
				CURRENT_PROJECT_VERSION = 1;
				DEVELOPMENT_TEAM = 6T46N62XKG;
				GENERATE_INFOPLIST_FILE = YES;
				IPHONEOS_DEPLOYMENT_TARGET = 16.1;
				MARKETING_VERSION = 1.0;
				PRODUCT_BUNDLE_IDENTIFIER = thaovtp.HotelBookingTests;
				PRODUCT_NAME = "$(TARGET_NAME)";
				SWIFT_EMIT_LOC_STRINGS = NO;
				SWIFT_VERSION = 5.0;
				TARGETED_DEVICE_FAMILY = "1,2";
				TEST_HOST = "$(BUILT_PRODUCTS_DIR)/HotelBooking.app/$(BUNDLE_EXECUTABLE_FOLDER_PATH)/HotelBooking";
			};
			name = Debug;
		};
		22AD93AD294F0CC30071DF34 /* Release */ = {
			isa = XCBuildConfiguration;
			buildSettings = {
				ALWAYS_EMBED_SWIFT_STANDARD_LIBRARIES = YES;
				BUNDLE_LOADER = "$(TEST_HOST)";
				CODE_SIGN_STYLE = Automatic;
				CURRENT_PROJECT_VERSION = 1;
				DEVELOPMENT_TEAM = 6T46N62XKG;
				GENERATE_INFOPLIST_FILE = YES;
				IPHONEOS_DEPLOYMENT_TARGET = 16.1;
				MARKETING_VERSION = 1.0;
				PRODUCT_BUNDLE_IDENTIFIER = thaovtp.HotelBookingTests;
				PRODUCT_NAME = "$(TARGET_NAME)";
				SWIFT_EMIT_LOC_STRINGS = NO;
				SWIFT_VERSION = 5.0;
				TARGETED_DEVICE_FAMILY = "1,2";
				TEST_HOST = "$(BUILT_PRODUCTS_DIR)/HotelBooking.app/$(BUNDLE_EXECUTABLE_FOLDER_PATH)/HotelBooking";
			};
			name = Release;
		};
		22AD93AF294F0CC30071DF34 /* Debug */ = {
			isa = XCBuildConfiguration;
			buildSettings = {
				ALWAYS_EMBED_SWIFT_STANDARD_LIBRARIES = YES;
				CODE_SIGN_STYLE = Automatic;
				CURRENT_PROJECT_VERSION = 1;
				DEVELOPMENT_TEAM = 6T46N62XKG;
				GENERATE_INFOPLIST_FILE = YES;
				MARKETING_VERSION = 1.0;
				PRODUCT_BUNDLE_IDENTIFIER = thaovtp.HotelBookingUITests;
				PRODUCT_NAME = "$(TARGET_NAME)";
				SWIFT_EMIT_LOC_STRINGS = NO;
				SWIFT_VERSION = 5.0;
				TARGETED_DEVICE_FAMILY = "1,2";
				TEST_TARGET_NAME = HotelBooking;
			};
			name = Debug;
		};
		22AD93B0294F0CC30071DF34 /* Release */ = {
			isa = XCBuildConfiguration;
			buildSettings = {
				ALWAYS_EMBED_SWIFT_STANDARD_LIBRARIES = YES;
				CODE_SIGN_STYLE = Automatic;
				CURRENT_PROJECT_VERSION = 1;
				DEVELOPMENT_TEAM = 6T46N62XKG;
				GENERATE_INFOPLIST_FILE = YES;
				MARKETING_VERSION = 1.0;
				PRODUCT_BUNDLE_IDENTIFIER = thaovtp.HotelBookingUITests;
				PRODUCT_NAME = "$(TARGET_NAME)";
				SWIFT_EMIT_LOC_STRINGS = NO;
				SWIFT_VERSION = 5.0;
				TARGETED_DEVICE_FAMILY = "1,2";
				TEST_TARGET_NAME = HotelBooking;
			};
			name = Release;
		};
/* End XCBuildConfiguration section */

/* Begin XCConfigurationList section */
		22AD9379294F0CBA0071DF34 /* Build configuration list for PBXProject "HotelBooking" */ = {
			isa = XCConfigurationList;
			buildConfigurations = (
				22AD93A6294F0CC30071DF34 /* Debug */,
				22AD93A7294F0CC30071DF34 /* Release */,
			);
			defaultConfigurationIsVisible = 0;
			defaultConfigurationName = Release;
		};
		22AD93A8294F0CC30071DF34 /* Build configuration list for PBXNativeTarget "HotelBooking" */ = {
			isa = XCConfigurationList;
			buildConfigurations = (
				22AD93A9294F0CC30071DF34 /* Debug */,
				22AD93AA294F0CC30071DF34 /* Release */,
			);
			defaultConfigurationIsVisible = 0;
			defaultConfigurationName = Release;
		};
		22AD93AB294F0CC30071DF34 /* Build configuration list for PBXNativeTarget "HotelBookingTests" */ = {
			isa = XCConfigurationList;
			buildConfigurations = (
				22AD93AC294F0CC30071DF34 /* Debug */,
				22AD93AD294F0CC30071DF34 /* Release */,
			);
			defaultConfigurationIsVisible = 0;
			defaultConfigurationName = Release;
		};
		22AD93AE294F0CC30071DF34 /* Build configuration list for PBXNativeTarget "HotelBookingUITests" */ = {
			isa = XCConfigurationList;
			buildConfigurations = (
				22AD93AF294F0CC30071DF34 /* Debug */,
				22AD93B0294F0CC30071DF34 /* Release */,
			);
			defaultConfigurationIsVisible = 0;
			defaultConfigurationName = Release;
		};
/* End XCConfigurationList section */
	};
	rootObject = 22AD9376294F0CBA0071DF34 /* Project object */;
}
